// !$*UTF8*$!
{
	archiveVersion = 1;
	classes = {
	};
	objectVersion = 46;
	objects = {

/* Begin PBXBuildFile section */
		954D73511DB614E400F6EC6C /* AppDelegate.swift in Sources */ = {isa = PBXBuildFile; fileRef = 954D73501DB614E400F6EC6C /* AppDelegate.swift */; };
		954D73531DB614E400F6EC6C /* ViewController.swift in Sources */ = {isa = PBXBuildFile; fileRef = 954D73521DB614E400F6EC6C /* ViewController.swift */; };
		954D73561DB614E400F6EC6C /* Main.storyboard in Resources */ = {isa = PBXBuildFile; fileRef = 954D73541DB614E400F6EC6C /* Main.storyboard */; };
		954D73581DB614E400F6EC6C /* Assets.xcassets in Resources */ = {isa = PBXBuildFile; fileRef = 954D73571DB614E400F6EC6C /* Assets.xcassets */; };
		954D735B1DB614E400F6EC6C /* LaunchScreen.storyboard in Resources */ = {isa = PBXBuildFile; fileRef = 954D73591DB614E400F6EC6C /* LaunchScreen.storyboard */; };
		954D73631DB616A400F6EC6C /* FileCell.swift in Sources */ = {isa = PBXBuildFile; fileRef = 954D73621DB616A400F6EC6C /* FileCell.swift */; };
		954D73651DB61AD600F6EC6C /* Snippet.swift in Sources */ = {isa = PBXBuildFile; fileRef = 954D73641DB61AD600F6EC6C /* Snippet.swift */; };
		954D73671DB6215D00F6EC6C /* Updater.swift in Sources */ = {isa = PBXBuildFile; fileRef = 954D73661DB6215D00F6EC6C /* Updater.swift */; };
		95FB2E7C1DBE977B00E43F68 /* Helpers.swift in Sources */ = {isa = PBXBuildFile; fileRef = 95FB2E7B1DBE977B00E43F68 /* Helpers.swift */; };
		AED982F33F8A2A8CD895927F /* Pods_KaeptnRage.framework in Frameworks */ = {isa = PBXBuildFile; fileRef = 97470ACA1CB1DF85E9A584F2 /* Pods_KaeptnRage.framework */; };
/* End PBXBuildFile section */

/* Begin PBXFileReference section */
		954D734D1DB614E400F6EC6C /* KaeptnRage.app */ = {isa = PBXFileReference; explicitFileType = wrapper.application; includeInIndex = 0; path = KaeptnRage.app; sourceTree = BUILT_PRODUCTS_DIR; };
		954D73501DB614E400F6EC6C /* AppDelegate.swift */ = {isa = PBXFileReference; lastKnownFileType = sourcecode.swift; path = AppDelegate.swift; sourceTree = "<group>"; };
		954D73521DB614E400F6EC6C /* ViewController.swift */ = {isa = PBXFileReference; lastKnownFileType = sourcecode.swift; path = ViewController.swift; sourceTree = "<group>"; };
		954D73551DB614E400F6EC6C /* Base */ = {isa = PBXFileReference; lastKnownFileType = file.storyboard; name = Base; path = Base.lproj/Main.storyboard; sourceTree = "<group>"; };
		954D73571DB614E400F6EC6C /* Assets.xcassets */ = {isa = PBXFileReference; lastKnownFileType = folder.assetcatalog; path = Assets.xcassets; sourceTree = "<group>"; };
		954D735A1DB614E400F6EC6C /* Base */ = {isa = PBXFileReference; lastKnownFileType = file.storyboard; name = Base; path = Base.lproj/LaunchScreen.storyboard; sourceTree = "<group>"; };
		954D735C1DB614E400F6EC6C /* Info.plist */ = {isa = PBXFileReference; lastKnownFileType = text.plist.xml; path = Info.plist; sourceTree = "<group>"; };
		954D73621DB616A400F6EC6C /* FileCell.swift */ = {isa = PBXFileReference; fileEncoding = 4; lastKnownFileType = sourcecode.swift; path = FileCell.swift; sourceTree = "<group>"; };
		954D73641DB61AD600F6EC6C /* Snippet.swift */ = {isa = PBXFileReference; fileEncoding = 4; lastKnownFileType = sourcecode.swift; path = Snippet.swift; sourceTree = "<group>"; };
		954D73661DB6215D00F6EC6C /* Updater.swift */ = {isa = PBXFileReference; fileEncoding = 4; lastKnownFileType = sourcecode.swift; path = Updater.swift; sourceTree = "<group>"; };
		95FB2E7B1DBE977B00E43F68 /* Helpers.swift */ = {isa = PBXFileReference; fileEncoding = 4; lastKnownFileType = sourcecode.swift; path = Helpers.swift; sourceTree = "<group>"; };
		97470ACA1CB1DF85E9A584F2 /* Pods_KaeptnRage.framework */ = {isa = PBXFileReference; explicitFileType = wrapper.framework; includeInIndex = 0; path = Pods_KaeptnRage.framework; sourceTree = BUILT_PRODUCTS_DIR; };
		BDFB9513EFF2DC3453157235 /* Pods-KaeptnRage.debug.xcconfig */ = {isa = PBXFileReference; includeInIndex = 1; lastKnownFileType = text.xcconfig; name = "Pods-KaeptnRage.debug.xcconfig"; path = "Pods/Target Support Files/Pods-KaeptnRage/Pods-KaeptnRage.debug.xcconfig"; sourceTree = "<group>"; };
		EFE8218B87C78DF78C2B1838 /* Pods-KaeptnRage.release.xcconfig */ = {isa = PBXFileReference; includeInIndex = 1; lastKnownFileType = text.xcconfig; name = "Pods-KaeptnRage.release.xcconfig"; path = "Pods/Target Support Files/Pods-KaeptnRage/Pods-KaeptnRage.release.xcconfig"; sourceTree = "<group>"; };
/* End PBXFileReference section */

/* Begin PBXFrameworksBuildPhase section */
		954D734A1DB614E400F6EC6C /* Frameworks */ = {
			isa = PBXFrameworksBuildPhase;
			buildActionMask = 2147483647;
			files = (
				AED982F33F8A2A8CD895927F /* Pods_KaeptnRage.framework in Frameworks */,
			);
			runOnlyForDeploymentPostprocessing = 0;
		};
/* End PBXFrameworksBuildPhase section */

/* Begin PBXGroup section */
		954D73441DB614E400F6EC6C = {
			isa = PBXGroup;
			children = (
				954D734F1DB614E400F6EC6C /* KaeptnRage */,
				954D734E1DB614E400F6EC6C /* Products */,
				EB274DECDB71EAB988CABB81 /* Pods */,
				EC8EF6D968DD6A9D3972E629 /* Frameworks */,
			);
			sourceTree = "<group>";
		};
		954D734E1DB614E400F6EC6C /* Products */ = {
			isa = PBXGroup;
			children = (
				954D734D1DB614E400F6EC6C /* KaeptnRage.app */,
			);
			name = Products;
			sourceTree = "<group>";
		};
		954D734F1DB614E400F6EC6C /* KaeptnRage */ = {
			isa = PBXGroup;
			children = (
				954D73501DB614E400F6EC6C /* AppDelegate.swift */,
				954D73521DB614E400F6EC6C /* ViewController.swift */,
				95FB2E7B1DBE977B00E43F68 /* Helpers.swift */,
				954D73621DB616A400F6EC6C /* FileCell.swift */,
				954D73641DB61AD600F6EC6C /* Snippet.swift */,
				954D73661DB6215D00F6EC6C /* Updater.swift */,
				954D73541DB614E400F6EC6C /* Main.storyboard */,
				954D73571DB614E400F6EC6C /* Assets.xcassets */,
				954D73591DB614E400F6EC6C /* LaunchScreen.storyboard */,
				954D735C1DB614E400F6EC6C /* Info.plist */,
			);
			path = KaeptnRage;
			sourceTree = "<group>";
		};
		EB274DECDB71EAB988CABB81 /* Pods */ = {
			isa = PBXGroup;
			children = (
				BDFB9513EFF2DC3453157235 /* Pods-KaeptnRage.debug.xcconfig */,
				EFE8218B87C78DF78C2B1838 /* Pods-KaeptnRage.release.xcconfig */,
			);
			name = Pods;
			sourceTree = "<group>";
		};
		EC8EF6D968DD6A9D3972E629 /* Frameworks */ = {
			isa = PBXGroup;
			children = (
				97470ACA1CB1DF85E9A584F2 /* Pods_KaeptnRage.framework */,
			);
			name = Frameworks;
			sourceTree = "<group>";
		};
/* End PBXGroup section */

/* Begin PBXNativeTarget section */
		954D734C1DB614E400F6EC6C /* KaeptnRage */ = {
			isa = PBXNativeTarget;
			buildConfigurationList = 954D735F1DB614E400F6EC6C /* Build configuration list for PBXNativeTarget "KaeptnRage" */;
			buildPhases = (
				109BF536323B1ADE4E2F9F6D /* 📦 Check Pods Manifest.lock */,
				954D73491DB614E400F6EC6C /* Sources */,
				954D734A1DB614E400F6EC6C /* Frameworks */,
				954D734B1DB614E400F6EC6C /* Resources */,
				D4C8F9EBC97F95EBB337E027 /* 📦 Embed Pods Frameworks */,
				14D52ABE2488E31419BF93AF /* 📦 Copy Pods Resources */,
			);
			buildRules = (
			);
			dependencies = (
			);
			name = KaeptnRage;
			productName = KaeptnRage;
			productReference = 954D734D1DB614E400F6EC6C /* KaeptnRage.app */;
			productType = "com.apple.product-type.application";
		};
/* End PBXNativeTarget section */

/* Begin PBXProject section */
		954D73451DB614E400F6EC6C /* Project object */ = {
			isa = PBXProject;
			attributes = {
				LastSwiftUpdateCheck = 0800;
				LastUpgradeCheck = 0800;
				ORGANIZATIONNAME = "Julian Dunskus";
				TargetAttributes = {
					954D734C1DB614E400F6EC6C = {
						CreatedOnToolsVersion = 8.0;
						DevelopmentTeam = V2EPDFA9PV;
						ProvisioningStyle = Automatic;
					};
				};
			};
			buildConfigurationList = 954D73481DB614E400F6EC6C /* Build configuration list for PBXProject "KaeptnRage" */;
			compatibilityVersion = "Xcode 3.2";
			developmentRegion = English;
			hasScannedForEncodings = 0;
			knownRegions = (
				en,
				Base,
			);
			mainGroup = 954D73441DB614E400F6EC6C;
			productRefGroup = 954D734E1DB614E400F6EC6C /* Products */;
			projectDirPath = "";
			projectRoot = "";
			targets = (
				954D734C1DB614E400F6EC6C /* KaeptnRage */,
			);
		};
/* End PBXProject section */

/* Begin PBXResourcesBuildPhase section */
		954D734B1DB614E400F6EC6C /* Resources */ = {
			isa = PBXResourcesBuildPhase;
			buildActionMask = 2147483647;
			files = (
				954D735B1DB614E400F6EC6C /* LaunchScreen.storyboard in Resources */,
				954D73581DB614E400F6EC6C /* Assets.xcassets in Resources */,
				954D73561DB614E400F6EC6C /* Main.storyboard in Resources */,
			);
			runOnlyForDeploymentPostprocessing = 0;
		};
/* End PBXResourcesBuildPhase section */

/* Begin PBXShellScriptBuildPhase section */
		109BF536323B1ADE4E2F9F6D /* 📦 Check Pods Manifest.lock */ = {
			isa = PBXShellScriptBuildPhase;
			buildActionMask = 2147483647;
			files = (
			);
			inputPaths = (
			);
			name = "📦 Check Pods Manifest.lock";
			outputPaths = (
			);
			runOnlyForDeploymentPostprocessing = 0;
			shellPath = /bin/sh;
			shellScript = "diff \"${PODS_ROOT}/../Podfile.lock\" \"${PODS_ROOT}/Manifest.lock\" > /dev/null\nif [[ $? != 0 ]] ; then\n    cat << EOM\nerror: The sandbox is not in sync with the Podfile.lock. Run 'pod install' or update your CocoaPods installation.\nEOM\n    exit 1\nfi\n";
			showEnvVarsInLog = 0;
		};
		14D52ABE2488E31419BF93AF /* 📦 Copy Pods Resources */ = {
			isa = PBXShellScriptBuildPhase;
			buildActionMask = 2147483647;
			files = (
			);
			inputPaths = (
			);
			name = "📦 Copy Pods Resources";
			outputPaths = (
			);
			runOnlyForDeploymentPostprocessing = 0;
			shellPath = /bin/sh;
			shellScript = "\"${SRCROOT}/Pods/Target Support Files/Pods-KaeptnRage/Pods-KaeptnRage-resources.sh\"\n";
			showEnvVarsInLog = 0;
		};
		D4C8F9EBC97F95EBB337E027 /* 📦 Embed Pods Frameworks */ = {
			isa = PBXShellScriptBuildPhase;
			buildActionMask = 2147483647;
			files = (
			);
			inputPaths = (
			);
			name = "📦 Embed Pods Frameworks";
			outputPaths = (
			);
			runOnlyForDeploymentPostprocessing = 0;
			shellPath = /bin/sh;
			shellScript = "\"${SRCROOT}/Pods/Target Support Files/Pods-KaeptnRage/Pods-KaeptnRage-frameworks.sh\"\n";
			showEnvVarsInLog = 0;
		};
/* End PBXShellScriptBuildPhase section */

/* Begin PBXSourcesBuildPhase section */
		954D73491DB614E400F6EC6C /* Sources */ = {
			isa = PBXSourcesBuildPhase;
			buildActionMask = 2147483647;
			files = (
				954D73631DB616A400F6EC6C /* FileCell.swift in Sources */,
				95FB2E7C1DBE977B00E43F68 /* Helpers.swift in Sources */,
				954D73531DB614E400F6EC6C /* ViewController.swift in Sources */,
				954D73511DB614E400F6EC6C /* AppDelegate.swift in Sources */,
				954D73651DB61AD600F6EC6C /* Snippet.swift in Sources */,
				954D73671DB6215D00F6EC6C /* Updater.swift in Sources */,
			);
			runOnlyForDeploymentPostprocessing = 0;
		};
/* End PBXSourcesBuildPhase section */

/* Begin PBXVariantGroup section */
		954D73541DB614E400F6EC6C /* Main.storyboard */ = {
			isa = PBXVariantGroup;
			children = (
				954D73551DB614E400F6EC6C /* Base */,
			);
			name = Main.storyboard;
			sourceTree = "<group>";
		};
		954D73591DB614E400F6EC6C /* LaunchScreen.storyboard */ = {
			isa = PBXVariantGroup;
			children = (
				954D735A1DB614E400F6EC6C /* Base */,
			);
			name = LaunchScreen.storyboard;
			sourceTree = "<group>";
		};
/* End PBXVariantGroup section */

/* Begin XCBuildConfiguration section */
		954D735D1DB614E400F6EC6C /* Debug */ = {
			isa = XCBuildConfiguration;
			buildSettings = {
				ALWAYS_SEARCH_USER_PATHS = NO;
				CLANG_ANALYZER_NONNULL = YES;
				CLANG_CXX_LANGUAGE_STANDARD = "gnu++0x";
				CLANG_CXX_LIBRARY = "libc++";
				CLANG_ENABLE_MODULES = YES;
				CLANG_ENABLE_OBJC_ARC = YES;
				CLANG_WARN_BOOL_CONVERSION = YES;
				CLANG_WARN_CONSTANT_CONVERSION = YES;
				CLANG_WARN_DIRECT_OBJC_ISA_USAGE = YES_ERROR;
				CLANG_WARN_DOCUMENTATION_COMMENTS = YES;
				CLANG_WARN_EMPTY_BODY = YES;
				CLANG_WARN_ENUM_CONVERSION = YES;
				CLANG_WARN_INFINITE_RECURSION = YES;
				CLANG_WARN_INT_CONVERSION = YES;
				CLANG_WARN_OBJC_ROOT_CLASS = YES_ERROR;
				CLANG_WARN_SUSPICIOUS_MOVES = YES;
				CLANG_WARN_UNREACHABLE_CODE = YES;
				CLANG_WARN__DUPLICATE_METHOD_MATCH = YES;
				"CODE_SIGN_IDENTITY[sdk=iphoneos*]" = "iPhone Developer";
				COPY_PHASE_STRIP = NO;
				DEBUG_INFORMATION_FORMAT = dwarf;
				ENABLE_STRICT_OBJC_MSGSEND = YES;
				ENABLE_TESTABILITY = YES;
				GCC_C_LANGUAGE_STANDARD = gnu99;
				GCC_DYNAMIC_NO_PIC = NO;
				GCC_NO_COMMON_BLOCKS = YES;
				GCC_OPTIMIZATION_LEVEL = 0;
				GCC_PREPROCESSOR_DEFINITIONS = (
					"DEBUG=1",
					"$(inherited)",
				);
				GCC_WARN_64_TO_32_BIT_CONVERSION = YES;
				GCC_WARN_ABOUT_RETURN_TYPE = YES_ERROR;
				GCC_WARN_UNDECLARED_SELECTOR = YES;
				GCC_WARN_UNINITIALIZED_AUTOS = YES_AGGRESSIVE;
				GCC_WARN_UNUSED_FUNCTION = YES;
				GCC_WARN_UNUSED_VARIABLE = YES;
				IPHONEOS_DEPLOYMENT_TARGET = 10.0;
				MTL_ENABLE_DEBUG_INFO = YES;
				ONLY_ACTIVE_ARCH = YES;
				SDKROOT = iphoneos;
				SWIFT_ACTIVE_COMPILATION_CONDITIONS = DEBUG;
				SWIFT_OPTIMIZATION_LEVEL = "-Onone";
				TARGETED_DEVICE_FAMILY = "1,2";
			};
			name = Debug;
		};
		954D735E1DB614E400F6EC6C /* Release */ = {
			isa = XCBuildConfiguration;
			buildSettings = {
				ALWAYS_SEARCH_USER_PATHS = NO;
				CLANG_ANALYZER_NONNULL = YES;
				CLANG_CXX_LANGUAGE_STANDARD = "gnu++0x";
				CLANG_CXX_LIBRARY = "libc++";
				CLANG_ENABLE_MODULES = YES;
				CLANG_ENABLE_OBJC_ARC = YES;
				CLANG_WARN_BOOL_CONVERSION = YES;
				CLANG_WARN_CONSTANT_CONVERSION = YES;
				CLANG_WARN_DIRECT_OBJC_ISA_USAGE = YES_ERROR;
				CLANG_WARN_DOCUMENTATION_COMMENTS = YES;
				CLANG_WARN_EMPTY_BODY = YES;
				CLANG_WARN_ENUM_CONVERSION = YES;
				CLANG_WARN_INFINITE_RECURSION = YES;
				CLANG_WARN_INT_CONVERSION = YES;
				CLANG_WARN_OBJC_ROOT_CLASS = YES_ERROR;
				CLANG_WARN_SUSPICIOUS_MOVES = YES;
				CLANG_WARN_UNREACHABLE_CODE = YES;
				CLANG_WARN__DUPLICATE_METHOD_MATCH = YES;
				"CODE_SIGN_IDENTITY[sdk=iphoneos*]" = "iPhone Developer";
				COPY_PHASE_STRIP = NO;
				DEBUG_INFORMATION_FORMAT = "dwarf-with-dsym";
				ENABLE_NS_ASSERTIONS = NO;
				ENABLE_STRICT_OBJC_MSGSEND = YES;
				GCC_C_LANGUAGE_STANDARD = gnu99;
				GCC_NO_COMMON_BLOCKS = YES;
				GCC_WARN_64_TO_32_BIT_CONVERSION = YES;
				GCC_WARN_ABOUT_RETURN_TYPE = YES_ERROR;
				GCC_WARN_UNDECLARED_SELECTOR = YES;
				GCC_WARN_UNINITIALIZED_AUTOS = YES_AGGRESSIVE;
				GCC_WARN_UNUSED_FUNCTION = YES;
				GCC_WARN_UNUSED_VARIABLE = YES;
				IPHONEOS_DEPLOYMENT_TARGET = 10.0;
				MTL_ENABLE_DEBUG_INFO = NO;
				SDKROOT = iphoneos;
				SWIFT_OPTIMIZATION_LEVEL = "-Owholemodule";
				TARGETED_DEVICE_FAMILY = "1,2";
				VALIDATE_PRODUCT = YES;
			};
			name = Release;
		};
		954D73601DB614E400F6EC6C /* Debug */ = {
			isa = XCBuildConfiguration;
			baseConfigurationReference = BDFB9513EFF2DC3453157235 /* Pods-KaeptnRage.debug.xcconfig */;
			buildSettings = {
				ASSETCATALOG_COMPILER_APPICON_NAME = AppIcon;
				DEVELOPMENT_TEAM = V2EPDFA9PV;
				INFOPLIST_FILE = KaeptnRage/Info.plist;
				IPHONEOS_DEPLOYMENT_TARGET = 9.3;
				LD_RUNPATH_SEARCH_PATHS = "$(inherited) @executable_path/Frameworks";
				PRODUCT_BUNDLE_IDENTIFIER = com.juliand665.KaeptnRage;
				PRODUCT_NAME = "$(TARGET_NAME)";
				SWIFT_VERSION = 3.0;
			};
			name = Debug;
		};
		954D73611DB614E400F6EC6C /* Release */ = {
			isa = XCBuildConfiguration;
			baseConfigurationReference = EFE8218B87C78DF78C2B1838 /* Pods-KaeptnRage.release.xcconfig */;
			buildSettings = {
				ASSETCATALOG_COMPILER_APPICON_NAME = AppIcon;
				DEVELOPMENT_TEAM = V2EPDFA9PV;
				INFOPLIST_FILE = KaeptnRage/Info.plist;
				IPHONEOS_DEPLOYMENT_TARGET = 9.3;
				LD_RUNPATH_SEARCH_PATHS = "$(inherited) @executable_path/Frameworks";
				PRODUCT_BUNDLE_IDENTIFIER = com.juliand665.KaeptnRage;
				PRODUCT_NAME = "$(TARGET_NAME)";
				SWIFT_VERSION = 3.0;
			};
			name = Release;
		};
/* End XCBuildConfiguration section */

/* Begin XCConfigurationList section */
		954D73481DB614E400F6EC6C /* Build configuration list for PBXProject "KaeptnRage" */ = {
			isa = XCConfigurationList;
			buildConfigurations = (
				954D735D1DB614E400F6EC6C /* Debug */,
				954D735E1DB614E400F6EC6C /* Release */,
			);
			defaultConfigurationIsVisible = 0;
			defaultConfigurationName = Release;
		};
		954D735F1DB614E400F6EC6C /* Build configuration list for PBXNativeTarget "KaeptnRage" */ = {
			isa = XCConfigurationList;
			buildConfigurations = (
				954D73601DB614E400F6EC6C /* Debug */,
				954D73611DB614E400F6EC6C /* Release */,
			);
			defaultConfigurationIsVisible = 0;
			defaultConfigurationName = Release;
		};
/* End XCConfigurationList section */
	};
	rootObject = 954D73451DB614E400F6EC6C /* Project object */;
}
